{
  "version": 4,
  "terraform_version": "1.12.2",
  "serial": 5,
  "lineage": "33b444e4-87dc-8f0b-9ac4-26cf5719572d",
  "outputs": {
    "redshift_endpoint": {
      "value": "sparkify-redshift-cluster.csp96d9mkp7i.us-west-2.redshift.amazonaws.com:5439",
      "type": "string"
    },
    "redshift_role_arn": {
      "value": "arn:aws:iam::978902700260:role/RedshiftS3AccessRole",
      "type": "string"
    }
  },
  "resources": [
    {
      "mode": "data",
      "type": "aws_vpc",
      "name": "default",
      "provider": "provider[\"registry.terraform.io/hashicorp/aws\"]",
      "instances": [
        {
          "schema_version": 0,
          "attributes": {
            "arn": "arn:aws:ec2:us-west-2:978902700260:vpc/vpc-0edcd81d8e98f87c0",
            "cidr_block": "172.31.0.0/16",
            "cidr_block_associations": [
              {
                "association_id": "vpc-cidr-assoc-03c9b259a396bf7d5",
                "cidr_block": "172.31.0.0/16",
                "state": "associated"
              }
            ],
            "default": true,
            "dhcp_options_id": "dopt-0291d48979ae984b8",
            "enable_dns_hostnames": true,
            "enable_dns_support": true,
            "enable_network_address_usage_metrics": false,
            "filter": null,
            "id": "vpc-0edcd81d8e98f87c0",
            "instance_tenancy": "default",
            "ipv6_association_id": "",
            "ipv6_cidr_block": "",
            "main_route_table_id": "rtb-02e72494ba45916f7",
            "owner_id": "978902700260",
            "region": "us-west-2",
            "state": null,
            "tags": {},
            "timeouts": null
          },
          "sensitive_attributes": [],
          "identity_schema_version": 0
        }
      ]
    },
    {
      "mode": "managed",
      "type": "aws_iam_role",
      "name": "redshift_s3_access",
      "provider": "provider[\"registry.terraform.io/hashicorp/aws\"]",
      "instances": [
        {
          "schema_version": 0,
          "attributes": {
            "arn": "arn:aws:iam::978902700260:role/RedshiftS3AccessRole",
            "assume_role_policy": "{\"Statement\":[{\"Action\":\"sts:AssumeRole\",\"Effect\":\"Allow\",\"Principal\":{\"Service\":\"redshift.amazonaws.com\"}}],\"Version\":\"2012-10-17\"}",
            "create_date": "2025-07-01T02:48:12Z",
            "description": "",
            "force_detach_policies": false,
            "id": "RedshiftS3AccessRole",
            "inline_policy": [],
            "managed_policy_arns": [],
            "max_session_duration": 3600,
            "name": "RedshiftS3AccessRole",
            "name_prefix": "",
            "path": "/",
            "permissions_boundary": "",
            "tags": null,
            "tags_all": {},
            "unique_id": "AROA6H2ZF2DSONQ6TXWAP"
          },
          "sensitive_attributes": [],
          "identity_schema_version": 0,
          "identity": {
            "account_id": "978902700260",
            "name": "RedshiftS3AccessRole"
          },
          "private": "bnVsbA=="
        }
      ]
    },
    {
      "mode": "managed",
      "type": "aws_iam_role_policy_attachment",
      "name": "attach_s3_policy",
      "provider": "provider[\"registry.terraform.io/hashicorp/aws\"]",
      "instances": [
        {
          "schema_version": 0,
          "attributes": {
            "id": "RedshiftS3AccessRole-20250701024814193000000001",
            "policy_arn": "arn:aws:iam::aws:policy/AmazonS3ReadOnlyAccess",
            "role": "RedshiftS3AccessRole"
          },
          "sensitive_attributes": [],
          "identity_schema_version": 0,
          "private": "bnVsbA==",
          "dependencies": [
            "aws_iam_role.redshift_s3_access"
          ]
        }
      ]
    },
    {
      "mode": "managed",
      "type": "aws_redshift_cluster",
      "name": "sparkify_cluster",
      "provider": "provider[\"registry.terraform.io/hashicorp/aws\"]",
      "instances": [
        {
          "schema_version": 0,
          "attributes": {
            "allow_version_upgrade": true,
            "apply_immediately": false,
            "aqua_configuration_status": "auto",
            "arn": "arn:aws:redshift:us-west-2:978902700260:cluster:sparkify-redshift-cluster",
            "automated_snapshot_retention_period": 1,
            "availability_zone": "us-west-2d",
            "availability_zone_relocation_enabled": true,
            "cluster_identifier": "sparkify-redshift-cluster",
            "cluster_namespace_arn": "arn:aws:redshift:us-west-2:978902700260:namespace:e6e1db54-f922-4a12-9b14-1e6947ea4603",
            "cluster_nodes": [
              {
                "node_role": "SHARED",
                "private_ip_address": "172.31.53.243",
                "public_ip_address": "54.203.16.168"
              }
            ],
            "cluster_parameter_group_name": "default.redshift-2.0",
            "cluster_public_key": "ssh-rsa AAAAB3NzaC1yc2EAAAADAQABAAABAQCgdBlTZdTLUP+XBD30c2wuQrr1ZyhvfepC7ynLfPqfjc0YpDkDIkkalWvUiI5EIoOrQRxTItiPHEWlTBMW7ZOzPPQIeZYDrLi8iKtLcJXfKg9dfPNavp429qawqb2yRgTdjTJGgsPLT22JhyR+UVesGI2HwFoUp/JPcLvs2fQvRj5H3GZu1W39CgP5DC9zyZIt/sDVpanCyO/dl+USlQU+GCcOli52Aja0it82fXQAjnb3L9kVx3hWJz89b08MmCQ3Tly5KIZNlZsKPmDo+AJfgZxBLesxH4Mtg9cxPq230dMcVBKCgLObdyflSm/Gx4OnKrj3ioaZfnORpUOhnhiH Amazon-Redshift\n",
            "cluster_revision_number": "116263",
            "cluster_subnet_group_name": "default",
            "cluster_type": "single-node",
            "cluster_version": "1.0",
            "database_name": "dev",
            "default_iam_role_arn": "",
            "dns_name": "sparkify-redshift-cluster.csp96d9mkp7i.us-west-2.redshift.amazonaws.com",
            "elastic_ip": null,
            "encrypted": "true",
            "endpoint": "sparkify-redshift-cluster.csp96d9mkp7i.us-west-2.redshift.amazonaws.com:5439",
            "enhanced_vpc_routing": false,
            "final_snapshot_identifier": null,
            "iam_roles": [
              "arn:aws:iam::978902700260:role/RedshiftS3AccessRole"
            ],
            "id": "sparkify-redshift-cluster",
            "kms_key_id": "AWS_OWNED_KMS_KEY",
            "maintenance_track_name": "current",
            "manage_master_password": null,
            "manual_snapshot_retention_period": -1,
            "master_password": "Passw1234",
            "master_password_secret_arn": "",
            "master_password_secret_kms_key_id": "",
            "master_password_wo": null,
            "master_password_wo_version": null,
            "master_username": "awsuser",
            "multi_az": false,
            "node_type": "ra3.large",
            "number_of_nodes": 1,
            "owner_account": null,
            "port": 5439,
            "preferred_maintenance_window": "sun:10:00-sun:10:30",
            "publicly_accessible": true,
            "region": "us-west-2",
            "skip_final_snapshot": true,
            "snapshot_arn": null,
            "snapshot_cluster_identifier": null,
            "snapshot_identifier": null,
            "tags": null,
            "tags_all": {},
            "timeouts": null,
            "vpc_security_group_ids": [
              "sg-07a9c6371738287e5"
            ]
          },
          "sensitive_attributes": [
            [
              {
                "type": "get_attr",
                "value": "master_password"
              }
            ],
            [
              {
                "type": "get_attr",
                "value": "master_password_wo"
              }
            ]
          ],
          "identity_schema_version": 0,
          "private": "eyJlMmJmYjczMC1lY2FhLTExZTYtOGY4OC0zNDM2M2JjN2M0YzAiOnsiY3JlYXRlIjo0NTAwMDAwMDAwMDAwLCJkZWxldGUiOjI0MDAwMDAwMDAwMDAsInVwZGF0ZSI6NDUwMDAwMDAwMDAwMH19",
          "dependencies": [
            "aws_iam_role.redshift_s3_access",
            "aws_security_group.redshift_sg",
            "data.aws_vpc.default"
          ]
        }
      ]
    },
    {
      "mode": "managed",
      "type": "aws_security_group",
      "name": "redshift_sg",
      "provider": "provider[\"registry.terraform.io/hashicorp/aws\"]",
      "instances": [
        {
          "schema_version": 1,
          "attributes": {
            "arn": "arn:aws:ec2:us-west-2:978902700260:security-group/sg-07a9c6371738287e5",
            "description": "Allow Redshift access from my IP",
            "egress": [
              {
                "cidr_blocks": [
                  "0.0.0.0/0"
                ],
                "description": "",
                "from_port": 0,
                "ipv6_cidr_blocks": [],
                "prefix_list_ids": [],
                "protocol": "-1",
                "security_groups": [],
                "self": false,
                "to_port": 0
              }
            ],
            "id": "sg-07a9c6371738287e5",
            "ingress": [
              {
                "cidr_blocks": [
                  "0.0.0.0/0"
                ],
                "description": "Redshift access",
                "from_port": 5439,
                "ipv6_cidr_blocks": [],
                "prefix_list_ids": [],
                "protocol": "tcp",
                "security_groups": [],
                "self": false,
                "to_port": 5439
              }
            ],
            "name": "redshift_sg",
            "name_prefix": "",
            "owner_id": "978902700260",
            "region": "us-west-2",
            "revoke_rules_on_delete": false,
            "tags": null,
            "tags_all": {},
            "timeouts": null,
            "vpc_id": "vpc-0edcd81d8e98f87c0"
          },
          "sensitive_attributes": [],
          "identity_schema_version": 0,
          "private": "eyJlMmJmYjczMC1lY2FhLTExZTYtOGY4OC0zNDM2M2JjN2M0YzAiOnsiY3JlYXRlIjo2MDAwMDAwMDAwMDAsImRlbGV0ZSI6OTAwMDAwMDAwMDAwfSwic2NoZW1hX3ZlcnNpb24iOiIxIn0=",
          "dependencies": [
            "data.aws_vpc.default"
          ]
        }
      ]
    }
  ],
  "check_results": null
}
